// !$*UTF8*$!
{
	archiveVersion = 1;
	classes = {
	};
	objectVersion = 46;
	objects = {

/* Begin PBXBuildFile section */
		601932351FD208A100EA25A5 /* ImageDrawingTool.swift in Sources */ = {isa = PBXBuildFile; fileRef = 601932341FD208A100EA25A5 /* ImageDrawingTool.swift */; };
		6049B49B1DDAA2F800CF4F36 /* AppDelegate.swift in Sources */ = {isa = PBXBuildFile; fileRef = 6049B49A1DDAA2F800CF4F36 /* AppDelegate.swift */; };
		6049B49D1DDAA2F800CF4F36 /* ViewController.swift in Sources */ = {isa = PBXBuildFile; fileRef = 6049B49C1DDAA2F800CF4F36 /* ViewController.swift */; };
		6049B4A01DDAA2F800CF4F36 /* Main.storyboard in Resources */ = {isa = PBXBuildFile; fileRef = 6049B49E1DDAA2F800CF4F36 /* Main.storyboard */; };
		6049B4A21DDAA2F800CF4F36 /* Assets.xcassets in Resources */ = {isa = PBXBuildFile; fileRef = 6049B4A11DDAA2F800CF4F36 /* Assets.xcassets */; };
		6049B4A51DDAA2F800CF4F36 /* LaunchScreen.storyboard in Resources */ = {isa = PBXBuildFile; fileRef = 6049B4A31DDAA2F800CF4F36 /* LaunchScreen.storyboard */; };
		6049B4AD1DDAA34200CF4F36 /* DrawingTool.swift in Sources */ = {isa = PBXBuildFile; fileRef = 6049B4AC1DDAA34200CF4F36 /* DrawingTool.swift */; };
		6049B4AF1DDAA52100CF4F36 /* Line.swift in Sources */ = {isa = PBXBuildFile; fileRef = 6049B4AE1DDAA52100CF4F36 /* Line.swift */; };
		6049B4B11DDAA6C300CF4F36 /* Surface.swift in Sources */ = {isa = PBXBuildFile; fileRef = 6049B4B01DDAA6C300CF4F36 /* Surface.swift */; };
		6049B4B31DDAA71D00CF4F36 /* DrawingToolType.swift in Sources */ = {isa = PBXBuildFile; fileRef = 6049B4B21DDAA71D00CF4F36 /* DrawingToolType.swift */; };
		6049B4B51DDAA75C00CF4F36 /* DrawingToolFactory.swift in Sources */ = {isa = PBXBuildFile; fileRef = 6049B4B41DDAA75C00CF4F36 /* DrawingToolFactory.swift */; };
		6049B4B71DDAAD3100CF4F36 /* Squiggle.swift in Sources */ = {isa = PBXBuildFile; fileRef = 6049B4B61DDAAD3100CF4F36 /* Squiggle.swift */; };
		6049B4B91DDAB17F00CF4F36 /* Circle.swift in Sources */ = {isa = PBXBuildFile; fileRef = 6049B4B81DDAB17F00CF4F36 /* Circle.swift */; };
		605C6D9C1FD0C065001F92B6 /* Lasso.swift in Sources */ = {isa = PBXBuildFile; fileRef = 605C6D9B1FD0C065001F92B6 /* Lasso.swift */; };
		60E69A3F1FB4CD74008095C3 /* Factories.swift in Sources */ = {isa = PBXBuildFile; fileRef = 60E69A3E1FB4CD74008095C3 /* Factories.swift */; };
/* End PBXBuildFile section */

/* Begin PBXFileReference section */
		601932341FD208A100EA25A5 /* ImageDrawingTool.swift */ = {isa = PBXFileReference; lastKnownFileType = sourcecode.swift; path = ImageDrawingTool.swift; sourceTree = "<group>"; };
		6049B4971DDAA2F800CF4F36 /* PaintR.app */ = {isa = PBXFileReference; explicitFileType = wrapper.application; includeInIndex = 0; path = PaintR.app; sourceTree = BUILT_PRODUCTS_DIR; };
		6049B49A1DDAA2F800CF4F36 /* AppDelegate.swift */ = {isa = PBXFileReference; lastKnownFileType = sourcecode.swift; path = AppDelegate.swift; sourceTree = "<group>"; };
		6049B49C1DDAA2F800CF4F36 /* ViewController.swift */ = {isa = PBXFileReference; lastKnownFileType = sourcecode.swift; path = ViewController.swift; sourceTree = "<group>"; };
		6049B49F1DDAA2F800CF4F36 /* Base */ = {isa = PBXFileReference; lastKnownFileType = file.storyboard; name = Base; path = Base.lproj/Main.storyboard; sourceTree = "<group>"; };
		6049B4A11DDAA2F800CF4F36 /* Assets.xcassets */ = {isa = PBXFileReference; lastKnownFileType = folder.assetcatalog; path = Assets.xcassets; sourceTree = "<group>"; };
		6049B4A41DDAA2F800CF4F36 /* Base */ = {isa = PBXFileReference; lastKnownFileType = file.storyboard; name = Base; path = Base.lproj/LaunchScreen.storyboard; sourceTree = "<group>"; };
		6049B4A61DDAA2F800CF4F36 /* Info.plist */ = {isa = PBXFileReference; lastKnownFileType = text.plist.xml; path = Info.plist; sourceTree = "<group>"; };
		6049B4AC1DDAA34200CF4F36 /* DrawingTool.swift */ = {isa = PBXFileReference; fileEncoding = 4; lastKnownFileType = sourcecode.swift; path = DrawingTool.swift; sourceTree = "<group>"; };
		6049B4AE1DDAA52100CF4F36 /* Line.swift */ = {isa = PBXFileReference; fileEncoding = 4; lastKnownFileType = sourcecode.swift; path = Line.swift; sourceTree = "<group>"; };
		6049B4B01DDAA6C300CF4F36 /* Surface.swift */ = {isa = PBXFileReference; fileEncoding = 4; lastKnownFileType = sourcecode.swift; path = Surface.swift; sourceTree = "<group>"; };
		6049B4B21DDAA71D00CF4F36 /* DrawingToolType.swift */ = {isa = PBXFileReference; fileEncoding = 4; lastKnownFileType = sourcecode.swift; path = DrawingToolType.swift; sourceTree = "<group>"; };
		6049B4B41DDAA75C00CF4F36 /* DrawingToolFactory.swift */ = {isa = PBXFileReference; fileEncoding = 4; lastKnownFileType = sourcecode.swift; path = DrawingToolFactory.swift; sourceTree = "<group>"; };
		6049B4B61DDAAD3100CF4F36 /* Squiggle.swift */ = {isa = PBXFileReference; fileEncoding = 4; lastKnownFileType = sourcecode.swift; path = Squiggle.swift; sourceTree = "<group>"; };
		6049B4B81DDAB17F00CF4F36 /* Circle.swift */ = {isa = PBXFileReference; fileEncoding = 4; lastKnownFileType = sourcecode.swift; path = Circle.swift; sourceTree = "<group>"; };
		605C6D9B1FD0C065001F92B6 /* Lasso.swift */ = {isa = PBXFileReference; lastKnownFileType = sourcecode.swift; path = Lasso.swift; sourceTree = "<group>"; };
		60E69A3E1FB4CD74008095C3 /* Factories.swift */ = {isa = PBXFileReference; lastKnownFileType = sourcecode.swift; path = Factories.swift; sourceTree = "<group>"; };
/* End PBXFileReference section */

/* Begin PBXFrameworksBuildPhase section */
		6049B4941DDAA2F800CF4F36 /* Frameworks */ = {
			isa = PBXFrameworksBuildPhase;
			buildActionMask = 2147483647;
			files = (
			);
			runOnlyForDeploymentPostprocessing = 0;
		};
/* End PBXFrameworksBuildPhase section */

/* Begin PBXGroup section */
		6049B48E1DDAA2F800CF4F36 = {
			isa = PBXGroup;
			children = (
				6049B4991DDAA2F800CF4F36 /* PaintR */,
				6049B4981DDAA2F800CF4F36 /* Products */,
			);
			sourceTree = "<group>";
		};
		6049B4981DDAA2F800CF4F36 /* Products */ = {
			isa = PBXGroup;
			children = (
				6049B4971DDAA2F800CF4F36 /* PaintR.app */,
			);
			name = Products;
			sourceTree = "<group>";
		};
		6049B4991DDAA2F800CF4F36 /* PaintR */ = {
			isa = PBXGroup;
			children = (
				6049B49A1DDAA2F800CF4F36 /* AppDelegate.swift */,
				6049B49C1DDAA2F800CF4F36 /* ViewController.swift */,
				6049B49E1DDAA2F800CF4F36 /* Main.storyboard */,
				6049B4A11DDAA2F800CF4F36 /* Assets.xcassets */,
				6049B4A31DDAA2F800CF4F36 /* LaunchScreen.storyboard */,
				6049B4A61DDAA2F800CF4F36 /* Info.plist */,
				60E69A3B1FB4CD05008095C3 /* tools */,
				6049B4B01DDAA6C300CF4F36 /* Surface.swift */,
			);
			path = PaintR;
			sourceTree = "<group>";
		};
		60E69A3B1FB4CD05008095C3 /* tools */ = {
			isa = PBXGroup;
			children = (
				6049B4AC1DDAA34200CF4F36 /* DrawingTool.swift */,
				6049B4AE1DDAA52100CF4F36 /* Line.swift */,
				6049B4B21DDAA71D00CF4F36 /* DrawingToolType.swift */,
				6049B4B41DDAA75C00CF4F36 /* DrawingToolFactory.swift */,
				6049B4B61DDAAD3100CF4F36 /* Squiggle.swift */,
				6049B4B81DDAB17F00CF4F36 /* Circle.swift */,
				60E69A3E1FB4CD74008095C3 /* Factories.swift */,
				605C6D9B1FD0C065001F92B6 /* Lasso.swift */,
				601932341FD208A100EA25A5 /* ImageDrawingTool.swift */,
			);
			path = tools;
			sourceTree = "<group>";
		};
/* End PBXGroup section */

/* Begin PBXNativeTarget section */
		6049B4961DDAA2F800CF4F36 /* PaintR */ = {
			isa = PBXNativeTarget;
			buildConfigurationList = 6049B4A91DDAA2F800CF4F36 /* Build configuration list for PBXNativeTarget "PaintR" */;
			buildPhases = (
				6049B4931DDAA2F800CF4F36 /* Sources */,
				6049B4941DDAA2F800CF4F36 /* Frameworks */,
				6049B4951DDAA2F800CF4F36 /* Resources */,
			);
			buildRules = (
			);
			dependencies = (
			);
			name = PaintR;
			productName = PaintR;
			productReference = 6049B4971DDAA2F800CF4F36 /* PaintR.app */;
			productType = "com.apple.product-type.application";
		};
/* End PBXNativeTarget section */

/* Begin PBXProject section */
		6049B48F1DDAA2F800CF4F36 /* Project object */ = {
			isa = PBXProject;
			attributes = {
				LastSwiftUpdateCheck = 0810;
				LastUpgradeCheck = 0910;
				ORGANIZATIONNAME = "Mobile Application Development";
				TargetAttributes = {
					6049B4961DDAA2F800CF4F36 = {
						CreatedOnToolsVersion = 8.1;
						DevelopmentTeam = 5KVHK79MUM;
						LastSwiftMigration = 0910;
						ProvisioningStyle = Automatic;
					};
				};
			};
			buildConfigurationList = 6049B4921DDAA2F800CF4F36 /* Build configuration list for PBXProject "PaintR" */;
			compatibilityVersion = "Xcode 3.2";
			developmentRegion = English;
			hasScannedForEncodings = 0;
			knownRegions = (
				en,
				Base,
			);
			mainGroup = 6049B48E1DDAA2F800CF4F36;
			productRefGroup = 6049B4981DDAA2F800CF4F36 /* Products */;
			projectDirPath = "";
			projectRoot = "";
			targets = (
				6049B4961DDAA2F800CF4F36 /* PaintR */,
			);
		};
/* End PBXProject section */

/* Begin PBXResourcesBuildPhase section */
		6049B4951DDAA2F800CF4F36 /* Resources */ = {
			isa = PBXResourcesBuildPhase;
			buildActionMask = 2147483647;
			files = (
				6049B4A51DDAA2F800CF4F36 /* LaunchScreen.storyboard in Resources */,
				6049B4A21DDAA2F800CF4F36 /* Assets.xcassets in Resources */,
				6049B4A01DDAA2F800CF4F36 /* Main.storyboard in Resources */,
			);
			runOnlyForDeploymentPostprocessing = 0;
		};
/* End PBXResourcesBuildPhase section */

/* Begin PBXSourcesBuildPhase section */
		6049B4931DDAA2F800CF4F36 /* Sources */ = {
			isa = PBXSourcesBuildPhase;
			buildActionMask = 2147483647;
			files = (
				6049B49D1DDAA2F800CF4F36 /* ViewController.swift in Sources */,
				605C6D9C1FD0C065001F92B6 /* Lasso.swift in Sources */,
				6049B4AF1DDAA52100CF4F36 /* Line.swift in Sources */,
				6049B4B91DDAB17F00CF4F36 /* Circle.swift in Sources */,
				6049B4B71DDAAD3100CF4F36 /* Squiggle.swift in Sources */,
				6049B4AD1DDAA34200CF4F36 /* DrawingTool.swift in Sources */,
				6049B49B1DDAA2F800CF4F36 /* AppDelegate.swift in Sources */,
				6049B4B31DDAA71D00CF4F36 /* DrawingToolType.swift in Sources */,
				60E69A3F1FB4CD74008095C3 /* Factories.swift in Sources */,
				6049B4B11DDAA6C300CF4F36 /* Surface.swift in Sources */,
				601932351FD208A100EA25A5 /* ImageDrawingTool.swift in Sources */,
				6049B4B51DDAA75C00CF4F36 /* DrawingToolFactory.swift in Sources */,
			);
			runOnlyForDeploymentPostprocessing = 0;
		};
/* End PBXSourcesBuildPhase section */

/* Begin PBXVariantGroup section */
		6049B49E1DDAA2F800CF4F36 /* Main.storyboard */ = {
			isa = PBXVariantGroup;
			children = (
				6049B49F1DDAA2F800CF4F36 /* Base */,
			);
			name = Main.storyboard;
			sourceTree = "<group>";
		};
		6049B4A31DDAA2F800CF4F36 /* LaunchScreen.storyboard */ = {
			isa = PBXVariantGroup;
			children = (
				6049B4A41DDAA2F800CF4F36 /* Base */,
			);
			name = LaunchScreen.storyboard;
			sourceTree = "<group>";
		};
/* End PBXVariantGroup section */

/* Begin XCBuildConfiguration section */
		6049B4A71DDAA2F800CF4F36 /* Debug */ = {
			isa = XCBuildConfiguration;
			buildSettings = {
				ALWAYS_SEARCH_USER_PATHS = NO;
				CLANG_ANALYZER_NONNULL = YES;
				CLANG_CXX_LANGUAGE_STANDARD = "gnu++0x";
				CLANG_CXX_LIBRARY = "libc++";
				CLANG_ENABLE_MODULES = YES;
				CLANG_ENABLE_OBJC_ARC = YES;
				CLANG_WARN_BLOCK_CAPTURE_AUTORELEASING = YES;
				CLANG_WARN_BOOL_CONVERSION = YES;
				CLANG_WARN_COMMA = YES;
				CLANG_WARN_CONSTANT_CONVERSION = YES;
				CLANG_WARN_DIRECT_OBJC_ISA_USAGE = YES_ERROR;
				CLANG_WARN_DOCUMENTATION_COMMENTS = YES;
				CLANG_WARN_EMPTY_BODY = YES;
				CLANG_WARN_ENUM_CONVERSION = YES;
				CLANG_WARN_INFINITE_RECURSION = YES;
				CLANG_WARN_INT_CONVERSION = YES;
				CLANG_WARN_NON_LITERAL_NULL_CONVERSION = YES;
				CLANG_WARN_OBJC_LITERAL_CONVERSION = YES;
				CLANG_WARN_OBJC_ROOT_CLASS = YES_ERROR;
				CLANG_WARN_RANGE_LOOP_ANALYSIS = YES;
				CLANG_WARN_STRICT_PROTOTYPES = YES;
				CLANG_WARN_SUSPICIOUS_MOVE = YES;
				CLANG_WARN_SUSPICIOUS_MOVES = YES;
				CLANG_WARN_UNREACHABLE_CODE = YES;
				CLANG_WARN__DUPLICATE_METHOD_MATCH = YES;
				"CODE_SIGN_IDENTITY[sdk=iphoneos*]" = "iPhone Developer";
				COPY_PHASE_STRIP = NO;
				DEBUG_INFORMATION_FORMAT = dwarf;
				ENABLE_STRICT_OBJC_MSGSEND = YES;
				ENABLE_TESTABILITY = YES;
				GCC_C_LANGUAGE_STANDARD = gnu99;
				GCC_DYNAMIC_NO_PIC = NO;
				GCC_NO_COMMON_BLOCKS = YES;
				GCC_OPTIMIZATION_LEVEL = 0;
				GCC_PREPROCESSOR_DEFINITIONS = (
					"DEBUG=1",
					"$(inherited)",
				);
				GCC_WARN_64_TO_32_BIT_CONVERSION = YES;
				GCC_WARN_ABOUT_RETURN_TYPE = YES_ERROR;
				GCC_WARN_UNDECLARED_SELECTOR = YES;
				GCC_WARN_UNINITIALIZED_AUTOS = YES_AGGRESSIVE;
				GCC_WARN_UNUSED_FUNCTION = YES;
				GCC_WARN_UNUSED_VARIABLE = YES;
				IPHONEOS_DEPLOYMENT_TARGET = 10.1;
				MTL_ENABLE_DEBUG_INFO = YES;
				ONLY_ACTIVE_ARCH = YES;
				SDKROOT = iphoneos;
				SWIFT_ACTIVE_COMPILATION_CONDITIONS = DEBUG;
				SWIFT_OPTIMIZATION_LEVEL = "-Onone";
				TARGETED_DEVICE_FAMILY = "1,2";
			};
			name = Debug;
		};
		6049B4A81DDAA2F800CF4F36 /* Release */ = {
			isa = XCBuildConfiguration;
			buildSettings = {
				ALWAYS_SEARCH_USER_PATHS = NO;
				CLANG_ANALYZER_NONNULL = YES;
				CLANG_CXX_LANGUAGE_STANDARD = "gnu++0x";
				CLANG_CXX_LIBRARY = "libc++";
				CLANG_ENABLE_MODULES = YES;
				CLANG_ENABLE_OBJC_ARC = YES;
				CLANG_WARN_BLOCK_CAPTURE_AUTORELEASING = YES;
				CLANG_WARN_BOOL_CONVERSION = YES;
				CLANG_WARN_COMMA = YES;
				CLANG_WARN_CONSTANT_CONVERSION = YES;
				CLANG_WARN_DIRECT_OBJC_ISA_USAGE = YES_ERROR;
				CLANG_WARN_DOCUMENTATION_COMMENTS = YES;
				CLANG_WARN_EMPTY_BODY = YES;
				CLANG_WARN_ENUM_CONVERSION = YES;
				CLANG_WARN_INFINITE_RECURSION = YES;
				CLANG_WARN_INT_CONVERSION = YES;
				CLANG_WARN_NON_LITERAL_NULL_CONVERSION = YES;
				CLANG_WARN_OBJC_LITERAL_CONVERSION = YES;
				CLANG_WARN_OBJC_ROOT_CLASS = YES_ERROR;
				CLANG_WARN_RANGE_LOOP_ANALYSIS = YES;
				CLANG_WARN_STRICT_PROTOTYPES = YES;
				CLANG_WARN_SUSPICIOUS_MOVE = YES;
				CLANG_WARN_SUSPICIOUS_MOVES = YES;
				CLANG_WARN_UNREACHABLE_CODE = YES;
				CLANG_WARN__DUPLICATE_METHOD_MATCH = YES;
				"CODE_SIGN_IDENTITY[sdk=iphoneos*]" = "iPhone Developer";
				COPY_PHASE_STRIP = NO;
				DEBUG_INFORMATION_FORMAT = "dwarf-with-dsym";
				ENABLE_NS_ASSERTIONS = NO;
				ENABLE_STRICT_OBJC_MSGSEND = YES;
				GCC_C_LANGUAGE_STANDARD = gnu99;
				GCC_NO_COMMON_BLOCKS = YES;
				GCC_WARN_64_TO_32_BIT_CONVERSION = YES;
				GCC_WARN_ABOUT_RETURN_TYPE = YES_ERROR;
				GCC_WARN_UNDECLARED_SELECTOR = YES;
				GCC_WARN_UNINITIALIZED_AUTOS = YES_AGGRESSIVE;
				GCC_WARN_UNUSED_FUNCTION = YES;
				GCC_WARN_UNUSED_VARIABLE = YES;
				IPHONEOS_DEPLOYMENT_TARGET = 10.1;
				MTL_ENABLE_DEBUG_INFO = NO;
				SDKROOT = iphoneos;
				SWIFT_OPTIMIZATION_LEVEL = "-Owholemodule";
				TARGETED_DEVICE_FAMILY = "1,2";
				VALIDATE_PRODUCT = YES;
			};
			name = Release;
		};
		6049B4AA1DDAA2F800CF4F36 /* Debug */ = {
			isa = XCBuildConfiguration;
			buildSettings = {
				ASSETCATALOG_COMPILER_APPICON_NAME = AppIcon;
				DEVELOPMENT_TEAM = 5KVHK79MUM;
				INFOPLIST_FILE = PaintR/Info.plist;
				LD_RUNPATH_SEARCH_PATHS = "$(inherited) @executable_path/Frameworks";
				PRODUCT_BUNDLE_IDENTIFIER = net.mobappdev.PaintR;
				PRODUCT_NAME = "$(TARGET_NAME)";
				SWIFT_SWIFT3_OBJC_INFERENCE = Default;
				SWIFT_VERSION = 4.0;
			};
			name = Debug;
		};
		6049B4AB1DDAA2F800CF4F36 /* Release */ = {
			isa = XCBuildConfiguration;
			buildSettings = {
				ASSETCATALOG_COMPILER_APPICON_NAME = AppIcon;
				DEVELOPMENT_TEAM = 5KVHK79MUM;
				INFOPLIST_FILE = PaintR/Info.plist;
				LD_RUNPATH_SEARCH_PATHS = "$(inherited) @executable_path/Frameworks";
				PRODUCT_BUNDLE_IDENTIFIER = net.mobappdev.PaintR;
				PRODUCT_NAME = "$(TARGET_NAME)";
				SWIFT_SWIFT3_OBJC_INFERENCE = Default;
				SWIFT_VERSION = 4.0;
			};
			name = Release;
		};
/* End XCBuildConfiguration section */

/* Begin XCConfigurationList section */
		6049B4921DDAA2F800CF4F36 /* Build configuration list for PBXProject "PaintR" */ = {
			isa = XCConfigurationList;
			buildConfigurations = (
				6049B4A71DDAA2F800CF4F36 /* Debug */,
				6049B4A81DDAA2F800CF4F36 /* Release */,
			);
			defaultConfigurationIsVisible = 0;
			defaultConfigurationName = Release;
		};
		6049B4A91DDAA2F800CF4F36 /* Build configuration list for PBXNativeTarget "PaintR" */ = {
			isa = XCConfigurationList;
			buildConfigurations = (
				6049B4AA1DDAA2F800CF4F36 /* Debug */,
				6049B4AB1DDAA2F800CF4F36 /* Release */,
			);
			defaultConfigurationIsVisible = 0;
			defaultConfigurationName = Release;
		};
/* End XCConfigurationList section */
	};
	rootObject = 6049B48F1DDAA2F800CF4F36 /* Project object */;
}
