// !$*UTF8*$!
{
	archiveVersion = 1;
	classes = {
	};
	objectVersion = 46;
	objects = {

/* Begin PBXBuildFile section */
		60774C9A1D90BD6B00EADA47 /* AppDelegate.swift in Sources */ = {isa = PBXBuildFile; fileRef = 60774C991D90BD6B00EADA47 /* AppDelegate.swift */; };
		60774C9C1D90BD6C00EADA47 /* ViewController.swift in Sources */ = {isa = PBXBuildFile; fileRef = 60774C9B1D90BD6C00EADA47 /* ViewController.swift */; };
		60774C9F1D90BD6C00EADA47 /* Main.storyboard in Resources */ = {isa = PBXBuildFile; fileRef = 60774C9D1D90BD6C00EADA47 /* Main.storyboard */; };
		60774CA11D90BD6C00EADA47 /* Assets.xcassets in Resources */ = {isa = PBXBuildFile; fileRef = 60774CA01D90BD6C00EADA47 /* Assets.xcassets */; };
		60774CA41D90BD6C00EADA47 /* LaunchScreen.storyboard in Resources */ = {isa = PBXBuildFile; fileRef = 60774CA21D90BD6C00EADA47 /* LaunchScreen.storyboard */; };
		60774CAC1D90D20C00EADA47 /* OtherViewController.swift in Sources */ = {isa = PBXBuildFile; fileRef = 60774CAB1D90D20C00EADA47 /* OtherViewController.swift */; };
/* End PBXBuildFile section */

/* Begin PBXFileReference section */
		60774C961D90BD6B00EADA47 /* TotallyTabular.app */ = {isa = PBXFileReference; explicitFileType = wrapper.application; includeInIndex = 0; path = TotallyTabular.app; sourceTree = BUILT_PRODUCTS_DIR; };
		60774C991D90BD6B00EADA47 /* AppDelegate.swift */ = {isa = PBXFileReference; lastKnownFileType = sourcecode.swift; path = AppDelegate.swift; sourceTree = "<group>"; };
		60774C9B1D90BD6C00EADA47 /* ViewController.swift */ = {isa = PBXFileReference; lastKnownFileType = sourcecode.swift; path = ViewController.swift; sourceTree = "<group>"; };
		60774C9E1D90BD6C00EADA47 /* Base */ = {isa = PBXFileReference; lastKnownFileType = file.storyboard; name = Base; path = Base.lproj/Main.storyboard; sourceTree = "<group>"; };
		60774CA01D90BD6C00EADA47 /* Assets.xcassets */ = {isa = PBXFileReference; lastKnownFileType = folder.assetcatalog; path = Assets.xcassets; sourceTree = "<group>"; };
		60774CA31D90BD6C00EADA47 /* Base */ = {isa = PBXFileReference; lastKnownFileType = file.storyboard; name = Base; path = Base.lproj/LaunchScreen.storyboard; sourceTree = "<group>"; };
		60774CA51D90BD6C00EADA47 /* Info.plist */ = {isa = PBXFileReference; lastKnownFileType = text.plist.xml; path = Info.plist; sourceTree = "<group>"; };
		60774CAB1D90D20C00EADA47 /* OtherViewController.swift */ = {isa = PBXFileReference; fileEncoding = 4; lastKnownFileType = sourcecode.swift; path = OtherViewController.swift; sourceTree = "<group>"; };
/* End PBXFileReference section */

/* Begin PBXFrameworksBuildPhase section */
		60774C931D90BD6B00EADA47 /* Frameworks */ = {
			isa = PBXFrameworksBuildPhase;
			buildActionMask = 2147483647;
			files = (
			);
			runOnlyForDeploymentPostprocessing = 0;
		};
/* End PBXFrameworksBuildPhase section */

/* Begin PBXGroup section */
		60774C8D1D90BD6B00EADA47 = {
			isa = PBXGroup;
			children = (
				60774C981D90BD6B00EADA47 /* TotallyTabular */,
				60774C971D90BD6B00EADA47 /* Products */,
			);
			sourceTree = "<group>";
		};
		60774C971D90BD6B00EADA47 /* Products */ = {
			isa = PBXGroup;
			children = (
				60774C961D90BD6B00EADA47 /* TotallyTabular.app */,
			);
			name = Products;
			sourceTree = "<group>";
		};
		60774C981D90BD6B00EADA47 /* TotallyTabular */ = {
			isa = PBXGroup;
			children = (
				60774C991D90BD6B00EADA47 /* AppDelegate.swift */,
				60774C9B1D90BD6C00EADA47 /* ViewController.swift */,
				60774CAB1D90D20C00EADA47 /* OtherViewController.swift */,
				60774C9D1D90BD6C00EADA47 /* Main.storyboard */,
				60774CA01D90BD6C00EADA47 /* Assets.xcassets */,
				60774CA21D90BD6C00EADA47 /* LaunchScreen.storyboard */,
				60774CA51D90BD6C00EADA47 /* Info.plist */,
			);
			path = TotallyTabular;
			sourceTree = "<group>";
		};
/* End PBXGroup section */

/* Begin PBXNativeTarget section */
		60774C951D90BD6B00EADA47 /* TotallyTabular */ = {
			isa = PBXNativeTarget;
			buildConfigurationList = 60774CA81D90BD6C00EADA47 /* Build configuration list for PBXNativeTarget "TotallyTabular" */;
			buildPhases = (
				60774C921D90BD6B00EADA47 /* Sources */,
				60774C931D90BD6B00EADA47 /* Frameworks */,
				60774C941D90BD6B00EADA47 /* Resources */,
			);
			buildRules = (
			);
			dependencies = (
			);
			name = TotallyTabular;
			productName = TotallyTabular;
			productReference = 60774C961D90BD6B00EADA47 /* TotallyTabular.app */;
			productType = "com.apple.product-type.application";
		};
/* End PBXNativeTarget section */

/* Begin PBXProject section */
		60774C8E1D90BD6B00EADA47 /* Project object */ = {
			isa = PBXProject;
			attributes = {
				LastSwiftUpdateCheck = 0730;
				LastUpgradeCheck = 0730;
				ORGANIZATIONNAME = "Mobile Application Development";
				TargetAttributes = {
					60774C951D90BD6B00EADA47 = {
						CreatedOnToolsVersion = 7.3.1;
						DevelopmentTeam = 5KVHK79MUM;
						LastSwiftMigration = 0810;
					};
				};
			};
			buildConfigurationList = 60774C911D90BD6B00EADA47 /* Build configuration list for PBXProject "TotallyTabular" */;
			compatibilityVersion = "Xcode 3.2";
			developmentRegion = English;
			hasScannedForEncodings = 0;
			knownRegions = (
				en,
				Base,
			);
			mainGroup = 60774C8D1D90BD6B00EADA47;
			productRefGroup = 60774C971D90BD6B00EADA47 /* Products */;
			projectDirPath = "";
			projectRoot = "";
			targets = (
				60774C951D90BD6B00EADA47 /* TotallyTabular */,
			);
		};
/* End PBXProject section */

/* Begin PBXResourcesBuildPhase section */
		60774C941D90BD6B00EADA47 /* Resources */ = {
			isa = PBXResourcesBuildPhase;
			buildActionMask = 2147483647;
			files = (
				60774CA41D90BD6C00EADA47 /* LaunchScreen.storyboard in Resources */,
				60774CA11D90BD6C00EADA47 /* Assets.xcassets in Resources */,
				60774C9F1D90BD6C00EADA47 /* Main.storyboard in Resources */,
			);
			runOnlyForDeploymentPostprocessing = 0;
		};
/* End PBXResourcesBuildPhase section */

/* Begin PBXSourcesBuildPhase section */
		60774C921D90BD6B00EADA47 /* Sources */ = {
			isa = PBXSourcesBuildPhase;
			buildActionMask = 2147483647;
			files = (
				60774C9C1D90BD6C00EADA47 /* ViewController.swift in Sources */,
				60774CAC1D90D20C00EADA47 /* OtherViewController.swift in Sources */,
				60774C9A1D90BD6B00EADA47 /* AppDelegate.swift in Sources */,
			);
			runOnlyForDeploymentPostprocessing = 0;
		};
/* End PBXSourcesBuildPhase section */

/* Begin PBXVariantGroup section */
		60774C9D1D90BD6C00EADA47 /* Main.storyboard */ = {
			isa = PBXVariantGroup;
			children = (
				60774C9E1D90BD6C00EADA47 /* Base */,
			);
			name = Main.storyboard;
			sourceTree = "<group>";
		};
		60774CA21D90BD6C00EADA47 /* LaunchScreen.storyboard */ = {
			isa = PBXVariantGroup;
			children = (
				60774CA31D90BD6C00EADA47 /* Base */,
			);
			name = LaunchScreen.storyboard;
			sourceTree = "<group>";
		};
/* End PBXVariantGroup section */

/* Begin XCBuildConfiguration section */
		60774CA61D90BD6C00EADA47 /* Debug */ = {
			isa = XCBuildConfiguration;
			buildSettings = {
				ALWAYS_SEARCH_USER_PATHS = NO;
				CLANG_ANALYZER_NONNULL = YES;
				CLANG_CXX_LANGUAGE_STANDARD = "gnu++0x";
				CLANG_CXX_LIBRARY = "libc++";
				CLANG_ENABLE_MODULES = YES;
				CLANG_ENABLE_OBJC_ARC = YES;
				CLANG_WARN_BOOL_CONVERSION = YES;
				CLANG_WARN_CONSTANT_CONVERSION = YES;
				CLANG_WARN_DIRECT_OBJC_ISA_USAGE = YES_ERROR;
				CLANG_WARN_EMPTY_BODY = YES;
				CLANG_WARN_ENUM_CONVERSION = YES;
				CLANG_WARN_INT_CONVERSION = YES;
				CLANG_WARN_OBJC_ROOT_CLASS = YES_ERROR;
				CLANG_WARN_UNREACHABLE_CODE = YES;
				CLANG_WARN__DUPLICATE_METHOD_MATCH = YES;
				"CODE_SIGN_IDENTITY[sdk=iphoneos*]" = "iPhone Developer";
				COPY_PHASE_STRIP = NO;
				DEBUG_INFORMATION_FORMAT = dwarf;
				ENABLE_STRICT_OBJC_MSGSEND = YES;
				ENABLE_TESTABILITY = YES;
				GCC_C_LANGUAGE_STANDARD = gnu99;
				GCC_DYNAMIC_NO_PIC = NO;
				GCC_NO_COMMON_BLOCKS = YES;
				GCC_OPTIMIZATION_LEVEL = 0;
				GCC_PREPROCESSOR_DEFINITIONS = (
					"DEBUG=1",
					"$(inherited)",
				);
				GCC_WARN_64_TO_32_BIT_CONVERSION = YES;
				GCC_WARN_ABOUT_RETURN_TYPE = YES_ERROR;
				GCC_WARN_UNDECLARED_SELECTOR = YES;
				GCC_WARN_UNINITIALIZED_AUTOS = YES_AGGRESSIVE;
				GCC_WARN_UNUSED_FUNCTION = YES;
				GCC_WARN_UNUSED_VARIABLE = YES;
				IPHONEOS_DEPLOYMENT_TARGET = 9.3;
				MTL_ENABLE_DEBUG_INFO = YES;
				ONLY_ACTIVE_ARCH = YES;
				SDKROOT = iphoneos;
				SWIFT_OPTIMIZATION_LEVEL = "-Onone";
			};
			name = Debug;
		};
		60774CA71D90BD6C00EADA47 /* Release */ = {
			isa = XCBuildConfiguration;
			buildSettings = {
				ALWAYS_SEARCH_USER_PATHS = NO;
				CLANG_ANALYZER_NONNULL = YES;
				CLANG_CXX_LANGUAGE_STANDARD = "gnu++0x";
				CLANG_CXX_LIBRARY = "libc++";
				CLANG_ENABLE_MODULES = YES;
				CLANG_ENABLE_OBJC_ARC = YES;
				CLANG_WARN_BOOL_CONVERSION = YES;
				CLANG_WARN_CONSTANT_CONVERSION = YES;
				CLANG_WARN_DIRECT_OBJC_ISA_USAGE = YES_ERROR;
				CLANG_WARN_EMPTY_BODY = YES;
				CLANG_WARN_ENUM_CONVERSION = YES;
				CLANG_WARN_INT_CONVERSION = YES;
				CLANG_WARN_OBJC_ROOT_CLASS = YES_ERROR;
				CLANG_WARN_UNREACHABLE_CODE = YES;
				CLANG_WARN__DUPLICATE_METHOD_MATCH = YES;
				"CODE_SIGN_IDENTITY[sdk=iphoneos*]" = "iPhone Developer";
				COPY_PHASE_STRIP = NO;
				DEBUG_INFORMATION_FORMAT = "dwarf-with-dsym";
				ENABLE_NS_ASSERTIONS = NO;
				ENABLE_STRICT_OBJC_MSGSEND = YES;
				GCC_C_LANGUAGE_STANDARD = gnu99;
				GCC_NO_COMMON_BLOCKS = YES;
				GCC_WARN_64_TO_32_BIT_CONVERSION = YES;
				GCC_WARN_ABOUT_RETURN_TYPE = YES_ERROR;
				GCC_WARN_UNDECLARED_SELECTOR = YES;
				GCC_WARN_UNINITIALIZED_AUTOS = YES_AGGRESSIVE;
				GCC_WARN_UNUSED_FUNCTION = YES;
				GCC_WARN_UNUSED_VARIABLE = YES;
				IPHONEOS_DEPLOYMENT_TARGET = 9.3;
				MTL_ENABLE_DEBUG_INFO = NO;
				SDKROOT = iphoneos;
				VALIDATE_PRODUCT = YES;
			};
			name = Release;
		};
		60774CA91D90BD6C00EADA47 /* Debug */ = {
			isa = XCBuildConfiguration;
			buildSettings = {
				ASSETCATALOG_COMPILER_APPICON_NAME = AppIcon;
				INFOPLIST_FILE = TotallyTabular/Info.plist;
				LD_RUNPATH_SEARCH_PATHS = "$(inherited) @executable_path/Frameworks";
				PRODUCT_BUNDLE_IDENTIFIER = net.mobappdev.TotallyTabular;
				PRODUCT_NAME = "$(TARGET_NAME)";
				SWIFT_VERSION = 3.0;
			};
			name = Debug;
		};
		60774CAA1D90BD6C00EADA47 /* Release */ = {
			isa = XCBuildConfiguration;
			buildSettings = {
				ASSETCATALOG_COMPILER_APPICON_NAME = AppIcon;
				INFOPLIST_FILE = TotallyTabular/Info.plist;
				LD_RUNPATH_SEARCH_PATHS = "$(inherited) @executable_path/Frameworks";
				PRODUCT_BUNDLE_IDENTIFIER = net.mobappdev.TotallyTabular;
				PRODUCT_NAME = "$(TARGET_NAME)";
				SWIFT_VERSION = 3.0;
			};
			name = Release;
		};
/* End XCBuildConfiguration section */

/* Begin XCConfigurationList section */
		60774C911D90BD6B00EADA47 /* Build configuration list for PBXProject "TotallyTabular" */ = {
			isa = XCConfigurationList;
			buildConfigurations = (
				60774CA61D90BD6C00EADA47 /* Debug */,
				60774CA71D90BD6C00EADA47 /* Release */,
			);
			defaultConfigurationIsVisible = 0;
			defaultConfigurationName = Release;
		};
		60774CA81D90BD6C00EADA47 /* Build configuration list for PBXNativeTarget "TotallyTabular" */ = {
			isa = XCConfigurationList;
			buildConfigurations = (
				60774CA91D90BD6C00EADA47 /* Debug */,
				60774CAA1D90BD6C00EADA47 /* Release */,
			);
			defaultConfigurationIsVisible = 0;
			defaultConfigurationName = Release;
		};
/* End XCConfigurationList section */
	};
	rootObject = 60774C8E1D90BD6B00EADA47 /* Project object */;
}
